
Microsoft Visual Studio Solution File, Format Version 12.00
# Visual Studio 2012
Project("{FAE04EC0-301F-11D3-BF4B-00C04F79EFBC}") = "SchemaManager", "SchemaManager\SchemaManager.csproj", "{C61C9CF5-DB91-48D4-92E0-BED94CE12922}"
EndProject
Project("{FAE04EC0-301F-11D3-BF4B-00C04F79EFBC}") = "SchemaManager.Tests", "SchemaManager.Tests\SchemaManager.Tests.csproj", "{7ECD8097-2D47-4895-9053-0AD1B8D7771A}"
EndProject
Project("{2150E333-8FDC-42A3-9474-1A3956D46DE8}") = "References", "References", "{9A447803-61D2-4BA8-8D74-1948543827E0}"
	ProjectSection(SolutionItems) = preProject
		References\Microsoft.Build.Framework.dll = References\Microsoft.Build.Framework.dll
		References\Microsoft.Build.Framework.xml = References\Microsoft.Build.Framework.xml
		References\Microsoft.Build.Utilities.dll = References\Microsoft.Build.Utilities.dll
	EndProjectSection
EndProject
Project("{FAE04EC0-301F-11D3-BF4B-00C04F79EFBC}") = "Utilities", "Utilities\Utilities.csproj", "{54AE9F4E-C96D-420D-82D6-0703EBEE90DF}"
EndProject
Project("{FAE04EC0-301F-11D3-BF4B-00C04F79EFBC}") = "SchemaManager.MSBuild", "SchemaManager.MSBuild\SchemaManager.MSBuild.csproj", "{ED252CF7-D57A-4958-BC32-8CAC4ACD40BE}"
EndProject
Global
	GlobalSection(SolutionConfigurationPlatforms) = preSolution
		Debug|Any CPU = Debug|Any CPU
		Debug|Mixed Platforms = Debug|Mixed Platforms
		Debug|x86 = Debug|x86
		Release|Any CPU = Release|Any CPU
		Release|Mixed Platforms = Release|Mixed Platforms
		Release|x86 = Release|x86
	EndGlobalSection
	GlobalSection(ProjectConfigurationPlatforms) = postSolution
		{C61C9CF5-DB91-48D4-92E0-BED94CE12922}.Debug|Any CPU.ActiveCfg = Debug|Any CPU
		{C61C9CF5-DB91-48D4-92E0-BED94CE12922}.Debug|Any CPU.Build.0 = Debug|Any CPU
		{C61C9CF5-DB91-48D4-92E0-BED94CE12922}.Debug|Mixed Platforms.ActiveCfg = Debug|Any CPU
		{C61C9CF5-DB91-48D4-92E0-BED94CE12922}.Debug|Mixed Platforms.Build.0 = Debug|Any CPU
		{C61C9CF5-DB91-48D4-92E0-BED94CE12922}.Debug|x86.ActiveCfg = Debug|Any CPU
		{C61C9CF5-DB91-48D4-92E0-BED94CE12922}.Release|Any CPU.ActiveCfg = Release|Any CPU
		{C61C9CF5-DB91-48D4-92E0-BED94CE12922}.Release|Any CPU.Build.0 = Release|Any CPU
		{C61C9CF5-DB91-48D4-92E0-BED94CE12922}.Release|Mixed Platforms.ActiveCfg = Release|Any CPU
		{C61C9CF5-DB91-48D4-92E0-BED94CE12922}.Release|Mixed Platforms.Build.0 = Release|Any CPU
		{C61C9CF5-DB91-48D4-92E0-BED94CE12922}.Release|x86.ActiveCfg = Release|Any CPU
		{7ECD8097-2D47-4895-9053-0AD1B8D7771A}.Debug|Any CPU.ActiveCfg = Debug|Any CPU
		{7ECD8097-2D47-4895-9053-0AD1B8D7771A}.Debug|Any CPU.Build.0 = Debug|Any CPU
		{7ECD8097-2D47-4895-9053-0AD1B8D7771A}.Debug|Mixed Platforms.ActiveCfg = Debug|Any CPU
		{7ECD8097-2D47-4895-9053-0AD1B8D7771A}.Debug|Mixed Platforms.Build.0 = Debug|Any CPU
		{7ECD8097-2D47-4895-9053-0AD1B8D7771A}.Debug|x86.ActiveCfg = Debug|Any CPU
		{7ECD8097-2D47-4895-9053-0AD1B8D7771A}.Release|Any CPU.ActiveCfg = Release|Any CPU
		{7ECD8097-2D47-4895-9053-0AD1B8D7771A}.Release|Any CPU.Build.0 = Release|Any CPU
		{7ECD8097-2D47-4895-9053-0AD1B8D7771A}.Release|Mixed Platforms.ActiveCfg = Release|Any CPU
		{7ECD8097-2D47-4895-9053-0AD1B8D7771A}.Release|Mixed Platforms.Build.0 = Release|Any CPU
		{7ECD8097-2D47-4895-9053-0AD1B8D7771A}.Release|x86.ActiveCfg = Release|Any CPU
		{54AE9F4E-C96D-420D-82D6-0703EBEE90DF}.Debug|Any CPU.ActiveCfg = Debug|Any CPU
		{54AE9F4E-C96D-420D-82D6-0703EBEE90DF}.Debug|Any CPU.Build.0 = Debug|Any CPU
		{54AE9F4E-C96D-420D-82D6-0703EBEE90DF}.Debug|Mixed Platforms.ActiveCfg = Debug|Any CPU
		{54AE9F4E-C96D-420D-82D6-0703EBEE90DF}.Debug|Mixed Platforms.Build.0 = Debug|Any CPU
		{54AE9F4E-C96D-420D-82D6-0703EBEE90DF}.Debug|x86.ActiveCfg = Debug|Any CPU
		{54AE9F4E-C96D-420D-82D6-0703EBEE90DF}.Release|Any CPU.ActiveCfg = Release|Any CPU
		{54AE9F4E-C96D-420D-82D6-0703EBEE90DF}.Release|Any CPU.Build.0 = Release|Any CPU
		{54AE9F4E-C96D-420D-82D6-0703EBEE90DF}.Release|Mixed Platforms.ActiveCfg = Release|Any CPU
		{54AE9F4E-C96D-420D-82D6-0703EBEE90DF}.Release|Mixed Platforms.Build.0 = Release|Any CPU
		{54AE9F4E-C96D-420D-82D6-0703EBEE90DF}.Release|x86.ActiveCfg = Release|Any CPU
		{ED252CF7-D57A-4958-BC32-8CAC4ACD40BE}.Debug|Any CPU.ActiveCfg = Debug|x86
		{ED252CF7-D57A-4958-BC32-8CAC4ACD40BE}.Debug|Mixed Platforms.ActiveCfg = Debug|x86
		{ED252CF7-D57A-4958-BC32-8CAC4ACD40BE}.Debug|Mixed Platforms.Build.0 = Debug|x86
		{ED252CF7-D57A-4958-BC32-8CAC4ACD40BE}.Debug|x86.ActiveCfg = Debug|x86
		{ED252CF7-D57A-4958-BC32-8CAC4ACD40BE}.Debug|x86.Build.0 = Debug|x86
		{ED252CF7-D57A-4958-BC32-8CAC4ACD40BE}.Release|Any CPU.ActiveCfg = Release|x86
		{ED252CF7-D57A-4958-BC32-8CAC4ACD40BE}.Release|Mixed Platforms.ActiveCfg = Release|x86
		{ED252CF7-D57A-4958-BC32-8CAC4ACD40BE}.Release|Mixed Platforms.Build.0 = Release|x86
		{ED252CF7-D57A-4958-BC32-8CAC4ACD40BE}.Release|x86.ActiveCfg = Release|x86
		{ED252CF7-D57A-4958-BC32-8CAC4ACD40BE}.Release|x86.Build.0 = Release|x86
	EndGlobalSection
	GlobalSection(SolutionProperties) = preSolution
		HideSolutionNode = FALSE
	EndGlobalSection
EndGlobal
